// !$*UTF8*$!
{
	archiveVersion = 1;
	classes = {
	};
	objectVersion = 46;
	objects = {

/* Begin PBXBuildFile section */
		6CDA05421BF2B64A00DC19D4 /* AppDelegate.swift in Sources */ = {isa = PBXBuildFile; fileRef = 6CDA05411BF2B64A00DC19D4 /* AppDelegate.swift */; };
		6CDA05441BF2B64A00DC19D4 /* ViewController.swift in Sources */ = {isa = PBXBuildFile; fileRef = 6CDA05431BF2B64A00DC19D4 /* ViewController.swift */; };
		6CDA05471BF2B64A00DC19D4 /* Main.storyboard in Resources */ = {isa = PBXBuildFile; fileRef = 6CDA05451BF2B64A00DC19D4 /* Main.storyboard */; };
		6CDA05491BF2B64A00DC19D4 /* Assets.xcassets in Resources */ = {isa = PBXBuildFile; fileRef = 6CDA05481BF2B64A00DC19D4 /* Assets.xcassets */; };
		6CDA054C1BF2B64A00DC19D4 /* LaunchScreen.storyboard in Resources */ = {isa = PBXBuildFile; fileRef = 6CDA054A1BF2B64A00DC19D4 /* LaunchScreen.storyboard */; };
/* End PBXBuildFile section */

/* Begin PBXFileReference section */
		6CDA053E1BF2B64A00DC19D4 /* swift tap.app */ = {isa = PBXFileReference; explicitFileType = wrapper.application; includeInIndex = 0; path = "swift tap.app"; sourceTree = BUILT_PRODUCTS_DIR; };
		6CDA05411BF2B64A00DC19D4 /* AppDelegate.swift */ = {isa = PBXFileReference; lastKnownFileType = sourcecode.swift; path = AppDelegate.swift; sourceTree = "<group>"; };
		6CDA05431BF2B64A00DC19D4 /* ViewController.swift */ = {isa = PBXFileReference; lastKnownFileType = sourcecode.swift; path = ViewController.swift; sourceTree = "<group>"; };
		6CDA05461BF2B64A00DC19D4 /* Base */ = {isa = PBXFileReference; lastKnownFileType = file.storyboard; name = Base; path = Base.lproj/Main.storyboard; sourceTree = "<group>"; };
		6CDA05481BF2B64A00DC19D4 /* Assets.xcassets */ = {isa = PBXFileReference; lastKnownFileType = folder.assetcatalog; path = Assets.xcassets; sourceTree = "<group>"; };
		6CDA054B1BF2B64A00DC19D4 /* Base */ = {isa = PBXFileReference; lastKnownFileType = file.storyboard; name = Base; path = Base.lproj/LaunchScreen.storyboard; sourceTree = "<group>"; };
		6CDA054D1BF2B64A00DC19D4 /* Info.plist */ = {isa = PBXFileReference; lastKnownFileType = text.plist.xml; path = Info.plist; sourceTree = "<group>"; };
/* End PBXFileReference section */

/* Begin PBXFrameworksBuildPhase section */
		6CDA053B1BF2B64A00DC19D4 /* Frameworks */ = {
			isa = PBXFrameworksBuildPhase;
			buildActionMask = 2147483647;
			files = (
			);
			runOnlyForDeploymentPostprocessing = 0;
		};
/* End PBXFrameworksBuildPhase section */

/* Begin PBXGroup section */
		6CDA05351BF2B64A00DC19D4 = {
			isa = PBXGroup;
			children = (
				6CDA05401BF2B64A00DC19D4 /* swift tap */,
				6CDA053F1BF2B64A00DC19D4 /* Products */,
			);
			sourceTree = "<group>";
		};
		6CDA053F1BF2B64A00DC19D4 /* Products */ = {
			isa = PBXGroup;
			children = (
				6CDA053E1BF2B64A00DC19D4 /* swift tap.app */,
			);
			name = Products;
			sourceTree = "<group>";
		};
		6CDA05401BF2B64A00DC19D4 /* swift tap */ = {
			isa = PBXGroup;
			children = (
				6CDA05411BF2B64A00DC19D4 /* AppDelegate.swift */,
				6CDA05431BF2B64A00DC19D4 /* ViewController.swift */,
				6CDA05451BF2B64A00DC19D4 /* Main.storyboard */,
				6CDA05481BF2B64A00DC19D4 /* Assets.xcassets */,
				6CDA054A1BF2B64A00DC19D4 /* LaunchScreen.storyboard */,
				6CDA054D1BF2B64A00DC19D4 /* Info.plist */,
			);
			path = "swift tap";
			sourceTree = "<group>";
		};
/* End PBXGroup section */

/* Begin PBXNativeTarget section */
		6CDA053D1BF2B64A00DC19D4 /* swift tap */ = {
			isa = PBXNativeTarget;
			buildConfigurationList = 6CDA05501BF2B64A00DC19D4 /* Build configuration list for PBXNativeTarget "swift tap" */;
			buildPhases = (
				6CDA053A1BF2B64A00DC19D4 /* Sources */,
				6CDA053B1BF2B64A00DC19D4 /* Frameworks */,
				6CDA053C1BF2B64A00DC19D4 /* Resources */,
			);
			buildRules = (
			);
			dependencies = (
			);
			name = "swift tap";
			productName = "swift tap";
			productReference = 6CDA053E1BF2B64A00DC19D4 /* swift tap.app */;
			productType = "com.apple.product-type.application";
		};
/* End PBXNativeTarget section */

/* Begin PBXProject section */
		6CDA05361BF2B64A00DC19D4 /* Project object */ = {
			isa = PBXProject;
			attributes = {
				LastSwiftUpdateCheck = 0710;
				LastUpgradeCheck = 0710;
				ORGANIZATIONNAME = "Gordon Childs";
				TargetAttributes = {
					6CDA053D1BF2B64A00DC19D4 = {
						CreatedOnToolsVersion = 7.1;
						LastSwiftMigration = 0810;
					};
				};
			};
			buildConfigurationList = 6CDA05391BF2B64A00DC19D4 /* Build configuration list for PBXProject "swift tap" */;
			compatibilityVersion = "Xcode 3.2";
			developmentRegion = English;
			hasScannedForEncodings = 0;
			knownRegions = (
				en,
				Base,
			);
			mainGroup = 6CDA05351BF2B64A00DC19D4;
			productRefGroup = 6CDA053F1BF2B64A00DC19D4 /* Products */;
			projectDirPath = "";
			projectRoot = "";
			targets = (
				6CDA053D1BF2B64A00DC19D4 /* swift tap */,
			);
		};
/* End PBXProject section */

/* Begin PBXResourcesBuildPhase section */
		6CDA053C1BF2B64A00DC19D4 /* Resources */ = {
			isa = PBXResourcesBuildPhase;
			buildActionMask = 2147483647;
			files = (
				6CDA054C1BF2B64A00DC19D4 /* LaunchScreen.storyboard in Resources */,
				6CDA05491BF2B64A00DC19D4 /* Assets.xcassets in Resources */,
				6CDA05471BF2B64A00DC19D4 /* Main.storyboard in Resources */,
			);
			runOnlyForDeploymentPostprocessing = 0;
		};
/* End PBXResourcesBuildPhase section */

/* Begin PBXSourcesBuildPhase section */
		6CDA053A1BF2B64A00DC19D4 /* Sources */ = {
			isa = PBXSourcesBuildPhase;
			buildActionMask = 2147483647;
			files = (
				6CDA05441BF2B64A00DC19D4 /* ViewController.swift in Sources */,
				6CDA05421BF2B64A00DC19D4 /* AppDelegate.swift in Sources */,
			);
			runOnlyForDeploymentPostprocessing = 0;
		};
/* End PBXSourcesBuildPhase section */

/* Begin PBXVariantGroup section */
		6CDA05451BF2B64A00DC19D4 /* Main.storyboard */ = {
			isa = PBXVariantGroup;
			children = (
				6CDA05461BF2B64A00DC19D4 /* Base */,
			);
			name = Main.storyboard;
			sourceTree = "<group>";
		};
		6CDA054A1BF2B64A00DC19D4 /* LaunchScreen.storyboard */ = {
			isa = PBXVariantGroup;
			children = (
				6CDA054B1BF2B64A00DC19D4 /* Base */,
			);
			name = LaunchScreen.storyboard;
			sourceTree = "<group>";
		};
/* End PBXVariantGroup section */

/* Begin XCBuildConfiguration section */
		6CDA054E1BF2B64A00DC19D4 /* Debug */ = {
			isa = XCBuildConfiguration;
			buildSettings = {
				ALWAYS_SEARCH_USER_PATHS = NO;
				CLANG_CXX_LANGUAGE_STANDARD = "gnu++0x";
				CLANG_CXX_LIBRARY = "libc++";
				CLANG_ENABLE_MODULES = YES;
				CLANG_ENABLE_OBJC_ARC = YES;
				CLANG_WARN_BOOL_CONVERSION = YES;
				CLANG_WARN_CONSTANT_CONVERSION = YES;
				CLANG_WARN_DIRECT_OBJC_ISA_USAGE = YES_ERROR;
				CLANG_WARN_EMPTY_BODY = YES;
				CLANG_WARN_ENUM_CONVERSION = YES;
				CLANG_WARN_INT_CONVERSION = YES;
				CLANG_WARN_OBJC_ROOT_CLASS = YES_ERROR;
				CLANG_WARN_UNREACHABLE_CODE = YES;
				CLANG_WARN__DUPLICATE_METHOD_MATCH = YES;
				"CODE_SIGN_IDENTITY[sdk=iphoneos*]" = "iPhone Developer";
				COPY_PHASE_STRIP = NO;
				DEBUG_INFORMATION_FORMAT = dwarf;
				ENABLE_STRICT_OBJC_MSGSEND = YES;
				ENABLE_TESTABILITY = YES;
				GCC_C_LANGUAGE_STANDARD = gnu99;
				GCC_DYNAMIC_NO_PIC = NO;
				GCC_NO_COMMON_BLOCKS = YES;
				GCC_OPTIMIZATION_LEVEL = 0;
				GCC_PREPROCESSOR_DEFINITIONS = (
					"DEBUG=1",
					"$(inherited)",
				);
				GCC_WARN_64_TO_32_BIT_CONVERSION = YES;
				GCC_WARN_ABOUT_RETURN_TYPE = YES_ERROR;
				GCC_WARN_UNDECLARED_SELECTOR = YES;
				GCC_WARN_UNINITIALIZED_AUTOS = YES_AGGRESSIVE;
				GCC_WARN_UNUSED_FUNCTION = YES;
				GCC_WARN_UNUSED_VARIABLE = YES;
				IPHONEOS_DEPLOYMENT_TARGET = 9.1;
				MTL_ENABLE_DEBUG_INFO = YES;
				ONLY_ACTIVE_ARCH = YES;
				SDKROOT = iphoneos;
				SWIFT_OPTIMIZATION_LEVEL = "-Onone";
				TARGETED_DEVICE_FAMILY = "1,2";
			};
			name = Debug;
		};
		6CDA054F1BF2B64A00DC19D4 /* Release */ = {
			isa = XCBuildConfiguration;
			buildSettings = {
				ALWAYS_SEARCH_USER_PATHS = NO;
				CLANG_CXX_LANGUAGE_STANDARD = "gnu++0x";
				CLANG_CXX_LIBRARY = "libc++";
				CLANG_ENABLE_MODULES = YES;
				CLANG_ENABLE_OBJC_ARC = YES;
				CLANG_WARN_BOOL_CONVERSION = YES;
				CLANG_WARN_CONSTANT_CONVERSION = YES;
				CLANG_WARN_DIRECT_OBJC_ISA_USAGE = YES_ERROR;
				CLANG_WARN_EMPTY_BODY = YES;
				CLANG_WARN_ENUM_CONVERSION = YES;
				CLANG_WARN_INT_CONVERSION = YES;
				CLANG_WARN_OBJC_ROOT_CLASS = YES_ERROR;
				CLANG_WARN_UNREACHABLE_CODE = YES;
				CLANG_WARN__DUPLICATE_METHOD_MATCH = YES;
				"CODE_SIGN_IDENTITY[sdk=iphoneos*]" = "iPhone Developer";
				COPY_PHASE_STRIP = NO;
				DEBUG_INFORMATION_FORMAT = "dwarf-with-dsym";
				ENABLE_NS_ASSERTIONS = NO;
				ENABLE_STRICT_OBJC_MSGSEND = YES;
				GCC_C_LANGUAGE_STANDARD = gnu99;
				GCC_NO_COMMON_BLOCKS = YES;
				GCC_WARN_64_TO_32_BIT_CONVERSION = YES;
				GCC_WARN_ABOUT_RETURN_TYPE = YES_ERROR;
				GCC_WARN_UNDECLARED_SELECTOR = YES;
				GCC_WARN_UNINITIALIZED_AUTOS = YES_AGGRESSIVE;
				GCC_WARN_UNUSED_FUNCTION = YES;
				GCC_WARN_UNUSED_VARIABLE = YES;
				IPHONEOS_DEPLOYMENT_TARGET = 9.1;
				MTL_ENABLE_DEBUG_INFO = NO;
				SDKROOT = iphoneos;
				TARGETED_DEVICE_FAMILY = "1,2";
				VALIDATE_PRODUCT = YES;
			};
			name = Release;
		};
		6CDA05511BF2B64A00DC19D4 /* Debug */ = {
			isa = XCBuildConfiguration;
			buildSettings = {
				ASSETCATALOG_COMPILER_APPICON_NAME = AppIcon;
				INFOPLIST_FILE = "swift tap/Info.plist";
				LD_RUNPATH_SEARCH_PATHS = "$(inherited) @executable_path/Frameworks";
				PRODUCT_BUNDLE_IDENTIFIER = "com.async.test.swift-tap";
				PRODUCT_NAME = "$(TARGET_NAME)";
				SWIFT_VERSION = 3.0;
			};
			name = Debug;
		};
		6CDA05521BF2B64A00DC19D4 /* Release */ = {
			isa = XCBuildConfiguration;
			buildSettings = {
				ASSETCATALOG_COMPILER_APPICON_NAME = AppIcon;
				INFOPLIST_FILE = "swift tap/Info.plist";
				LD_RUNPATH_SEARCH_PATHS = "$(inherited) @executable_path/Frameworks";
				PRODUCT_BUNDLE_IDENTIFIER = "com.async.test.swift-tap";
				PRODUCT_NAME = "$(TARGET_NAME)";
				SWIFT_VERSION = 3.0;
			};
			name = Release;
		};
/* End XCBuildConfiguration section */

/* Begin XCConfigurationList section */
		6CDA05391BF2B64A00DC19D4 /* Build configuration list for PBXProject "swift tap" */ = {
			isa = XCConfigurationList;
			buildConfigurations = (
				6CDA054E1BF2B64A00DC19D4 /* Debug */,
				6CDA054F1BF2B64A00DC19D4 /* Release */,
			);
			defaultConfigurationIsVisible = 0;
			defaultConfigurationName = Release;
		};
		6CDA05501BF2B64A00DC19D4 /* Build configuration list for PBXNativeTarget "swift tap" */ = {
			isa = XCConfigurationList;
			buildConfigurations = (
				6CDA05511BF2B64A00DC19D4 /* Debug */,
				6CDA05521BF2B64A00DC19D4 /* Release */,
			);
			defaultConfigurationIsVisible = 0;
			defaultConfigurationName = Release;
		};
/* End XCConfigurationList section */
	};
	rootObject = 6CDA05361BF2B64A00DC19D4 /* Project object */;
}
